<Solution>
  <Folder Name="/src/">
    <Project Path="src/Engine.Core/Engine.Core.csproj" />
    <Project Path="src/Engine.Host/Engine.Host.csproj" />
  </Folder>
  <Folder Name="/tests/">
    <Project Path="tests/Engine.Tests/Engine.Tests.csproj" />
  </Folder>
  <Folder Name="/tools/">
    <Project Path="tools/ProtocolGen/ProtocolGen.csproj" />
  </Folder>
</Solution>
